<?xml version="1.0" encoding="utf-8"?>
<Project ToolsVersion="4.0" xmlns="http://schemas.microsoft.com/developer/msbuild/2003">
  <ItemGroup>
    <Filter Include="Source Files">
      <UniqueIdentifier>{4FC737F1-C7A5-4376-A066-2A32D752A2FF}</UniqueIdentifier>
      <Extensions>cpp;c;cc;cxx;c++;cppm;ixx;def;odl;idl;hpj;bat;asm;asmx</Extensions>
    </Filter>
    <Filter Include="Header Files">
      <UniqueIdentifier>{93995380-89BD-4b04-88EB-625FBE52EBFB}</UniqueIdentifier>
      <Extensions>h;hh;hpp;hxx;h++;hm;inl;inc;ipp;xsd</Extensions>
    </Filter>
    <Filter Include="Resource Files">
      <UniqueIdentifier>{67DA6AB6-F800-4c08-8B7A-83BB121AAD01}</UniqueIdentifier>
      <Extensions>rc;ico;cur;bmp;dlg;rc2;rct;bin;rgs;gif;jpg;jpeg;jpe;resx;tiff;tif;png;wav;mfcribbon-ms</Extensions>
    </Filter>
    <Filter Include="Source Files\Libs">
      <UniqueIdentifier>{c8b82969-9b79-467f-8658-a154f0174c56}</UniqueIdentifier>
    </Filter>
    <Filter Include="Source Files\Libs\Logging">
      <UniqueIdentifier>{61cff5a0-1080-47c4-9d9c-3ceb81977c1d}</UniqueIdentifier>
    </Filter>
    <Filter Include="Source Files\Libs\Vec2">
      <UniqueIdentifier>{d6b3baad-0840-42ae-953f-59055b0cd7da}</UniqueIdentifier>
    </Filter>
    <Filter Include="Source Files\assets">
      <UniqueIdentifier>{e982a220-7a96-49ab-8158-8203295b6a91}</UniqueIdentifier>
    </Filter>
    <Filter Include="Source Files\Libs\rand">
      <UniqueIdentifier>{45c57016-c726-484c-93e9-a6d250699f44}</UniqueIdentifier>
    </Filter>
    <Filter Include="Source Files\assets\sprites">
      <UniqueIdentifier>{5ee7f055-6a6e-442c-820e-91b2f9be11e9}</UniqueIdentifier>
    </Filter>
    <Filter Include="Source Files\assets\sfx">
      <UniqueIdentifier>{3ce0c02b-9810-48f9-a6ce-210c12803561}</UniqueIdentifier>
    </Filter>
  </ItemGroup>
  <ItemGroup>
    <ClCompile Include="main.cpp">
      <Filter>Source Files</Filter>
    </ClCompile>
    <ClCompile Include="..\__Libs__\Logging\logging.cpp">
      <Filter>Source Files\Libs\Logging</Filter>
    </ClCompile>
    <ClCompile Include="..\__Libs__\Vec2\Vec2.cpp">
      <Filter>Source Files\Libs\Vec2</Filter>
    </ClCompile>
    <ClCompile Include="Game.cpp">
      <Filter>Source Files</Filter>
    </ClCompile>
    <ClCompile Include="Player.cpp">
      <Filter>Source Files</Filter>
    </ClCompile>
    <ClCompile Include="..\__Libs__\Rand\rand.cpp">
      <Filter>Source Files\Libs\rand</Filter>
    </ClCompile>
    <ClCompile Include="GameCamera.cpp">
      <Filter>Source Files</Filter>
    </ClCompile>
    <ClCompile Include="GameState.cpp">
      <Filter>Source Files</Filter>
    </ClCompile>
    <ClCompile Include="common.cpp">
      <Filter>Source Files</Filter>
    </ClCompile>
    <ClCompile Include="Bullet.cpp">
      <Filter>Source Files</Filter>
    </ClCompile>
    <ClCompile Include="Enemy.cpp">
      <Filter>Source Files</Filter>
    </ClCompile>
    <ClCompile Include="enemies.cpp">
      <Filter>Source Files</Filter>
    </ClCompile>
    <ClCompile Include="Weapon.cpp">
      <Filter>Source Files</Filter>
    </ClCompile>
  </ItemGroup>
  <ItemGroup>
    <ClInclude Include="common.hpp">
      <Filter>Header Files</Filter>
    </ClInclude>
    <ClInclude Include="..\__Libs__\Logging\errs.hpp">
      <Filter>Source Files\Libs\Logging</Filter>
    </ClInclude>
    <ClInclude Include="..\__Libs__\Logging\logging.hpp">
      <Filter>Source Files\Libs\Logging</Filter>
    </ClInclude>
    <ClInclude Include="..\__Libs__\Logging\warns.hpp">
      <Filter>Source Files\Libs\Logging</Filter>
    </ClInclude>
    <ClInclude Include="..\__Libs__\Vec2\Vec2.hpp">
      <Filter>Source Files\Libs\Vec2</Filter>
    </ClInclude>
    <ClInclude Include="Game.hpp">
      <Filter>Header Files</Filter>
    </ClInclude>
    <ClInclude Include="Player.hpp">
      <Filter>Header Files</Filter>
    </ClInclude>
    <ClInclude Include="GameState.hpp">
      <Filter>Header Files</Filter>
    </ClInclude>
    <ClInclude Include="..\__Libs__\Rand\rand.hpp">
      <Filter>Source Files\Libs\rand</Filter>
    </ClInclude>
    <ClInclude Include="GameCamera.hpp">
      <Filter>Header Files</Filter>
    </ClInclude>
    <ClInclude Include="Bullet.hpp">
      <Filter>Header Files</Filter>
    </ClInclude>
    <ClInclude Include="Enemy.hpp">
      <Filter>Header Files</Filter>
    </ClInclude>
    <ClInclude Include="enemies.hpp">
      <Filter>Header Files</Filter>
    </ClInclude>
    <ClInclude Include="Weapon.hpp">
      <Filter>Header Files</Filter>
    </ClInclude>
  </ItemGroup>
  <ItemGroup>
    <Text Include="credits.txt" />
  </ItemGroup>
  <ItemGroup>
    <Image Include="assets\sprites\blue1.png">
      <Filter>Source Files\assets\sprites</Filter>
    </Image>
    <Image Include="assets\sprites\blue2.png">
      <Filter>Source Files\assets\sprites</Filter>
    </Image>
    <Image Include="assets\sprites\blue3.png">
      <Filter>Source Files\assets\sprites</Filter>
    </Image>
    <Image Include="assets\sprites\blue4.png">
      <Filter>Source Files\assets\sprites</Filter>
    </Image>
    <Image Include="assets\sprites\blue5.png">
      <Filter>Source Files\assets\sprites</Filter>
    </Image>
    <Image Include="assets\sprites\border.png">
      <Filter>Source Files\assets\sprites</Filter>
    </Image>
    <Image Include="assets\sprites\dog.png">
      <Filter>Source Files\assets\sprites</Filter>
    </Image>
    <Image Include="assets\sprites\green1.png">
      <Filter>Source Files\assets\sprites</Filter>
    </Image>
    <Image Include="assets\sprites\green2.png">
      <Filter>Source Files\assets\sprites</Filter>
    </Image>
    <Image Include="assets\sprites\green3.png">
      <Filter>Source Files\assets\sprites</Filter>
    </Image>
    <Image Include="assets\sprites\green4.png">
      <Filter>Source Files\assets\sprites</Filter>
    </Image>
    <Image Include="assets\sprites\green5.png">
      <Filter>Source Files\assets\sprites</Filter>
    </Image>
    <Image Include="assets\sprites\purp1.png">
      <Filter>Source Files\assets\sprites</Filter>
    </Image>
    <Image Include="assets\sprites\purp2.png">
      <Filter>Source Files\assets\sprites</Filter>
    </Image>
    <Image Include="assets\sprites\purp3.png">
      <Filter>Source Files\assets\sprites</Filter>
    </Image>
    <Image Include="assets\sprites\purp4.png">
      <Filter>Source Files\assets\sprites</Filter>
    </Image>
    <Image Include="assets\sprites\purp5.png">
      <Filter>Source Files\assets\sprites</Filter>
    </Image>
    <Image Include="assets\sprites\ship.png">
      <Filter>Source Files\assets\sprites</Filter>
    </Image>
    <Image Include="assets\sprites\star1.png">
      <Filter>Source Files\assets\sprites</Filter>
    </Image>
    <Image Include="assets\sprites\star2.png">
      <Filter>Source Files\assets\sprites</Filter>
    </Image>
    <Image Include="assets\sprites\star3.png">
      <Filter>Source Files\assets\sprites</Filter>
    </Image>
    <Image Include="assets\sprites\star4.png">
      <Filter>Source Files\assets\sprites</Filter>
    </Image>
    <Image Include="assets\sprites\star5.png">
      <Filter>Source Files\assets\sprites</Filter>
    </Image>
  </ItemGroup>
  <ItemGroup>
    <Media Include="assets\sfx\testSound.wav">
      <Filter>Source Files\assets\sfx</Filter>
    </Media>
  </ItemGroup>
</Project>